
Microsoft Visual Studio Solution File, Format Version 12.00
# Visual Studio Version 17
VisualStudioVersion = 17.8.34511.84
MinimumVisualStudioVersion = 10.0.40219.1
Project("{FAE04EC0-301F-11D3-BF4B-00C04F79EFBC}") = "reactdotnet_app.Server", "reactdotnet_app.Server\reactdotnet_app.Server.csproj", "{28099DD5-038A-4FD1-8DB6-91EB9790C5BB}"
EndProject
Project("{54A90642-561A-4BB1-A94E-469ADEE60C69}") = "reactdotnet_app.client", "reactdotnet_app.client\reactdotnet_app.client.esproj", "{51ED8AF8-D9B8-46AA-A374-F6EDF8F5885A}"
EndProject
Global
	GlobalSection(SolutionConfigurationPlatforms) = preSolution
		Debug|Any CPU = Debug|Any CPU
		Release|Any CPU = Release|Any CPU
	EndGlobalSection
	GlobalSection(ProjectConfigurationPlatforms) = postSolution
		{28099DD5-038A-4FD1-8DB6-91EB9790C5BB}.Debug|Any CPU.ActiveCfg = Debug|Any CPU
		{28099DD5-038A-4FD1-8DB6-91EB9790C5BB}.Debug|Any CPU.Build.0 = Debug|Any CPU
		{28099DD5-038A-4FD1-8DB6-91EB9790C5BB}.Release|Any CPU.ActiveCfg = Release|Any CPU
		{28099DD5-038A-4FD1-8DB6-91EB9790C5BB}.Release|Any CPU.Build.0 = Release|Any CPU
		{51ED8AF8-D9B8-46AA-A374-F6EDF8F5885A}.Debug|Any CPU.ActiveCfg = Debug|Any CPU
		{51ED8AF8-D9B8-46AA-A374-F6EDF8F5885A}.Debug|Any CPU.Build.0 = Debug|Any CPU
		{51ED8AF8-D9B8-46AA-A374-F6EDF8F5885A}.Debug|Any CPU.Deploy.0 = Debug|Any CPU
		{51ED8AF8-D9B8-46AA-A374-F6EDF8F5885A}.Release|Any CPU.ActiveCfg = Release|Any CPU
		{51ED8AF8-D9B8-46AA-A374-F6EDF8F5885A}.Release|Any CPU.Build.0 = Release|Any CPU
		{51ED8AF8-D9B8-46AA-A374-F6EDF8F5885A}.Release|Any CPU.Deploy.0 = Release|Any CPU
	EndGlobalSection
	GlobalSection(SolutionProperties) = preSolution
		HideSolutionNode = FALSE
	EndGlobalSection
	GlobalSection(ExtensibilityGlobals) = postSolution
		SolutionGuid = {80D006E3-5E6D-4C7D-B450-072093B8D941}
	EndGlobalSection
EndGlobal
